{
  "originHash" : "e887fac26f872ec5f24e017a7bee02970ad32c18188e7ba345b8c88479677dc6",
  "pins" : [
    {
      "identity" : "primekit",
      "kind" : "remoteSourceControl",
      "location" : "git@github.com:chenyunguiMilook/PrimeKit.git",
      "state" : {
        "revision" : "ec07b9fd320127b6b46c800aa03a10f55f0c5f6c",
        "version" : "0.0.55"
      }
    },
    {
      "identity" : "renderkit",
      "kind" : "remoteSourceControl",
      "location" : "git@github.com:chenyunguiMilook/RenderKit.git",
      "state" : {
        "revision" : "fc5cb28250d2135e66aa887be18581dfa1054236",
        "version" : "0.0.57"
      }
    },
    {
      "identity" : "swiftinit",
      "kind" : "remoteSourceControl",
      "location" : "git@github.com:chenyunguiMilook/SwiftInit.git",
      "state" : {
        "revision" : "4412e6dd3748213cc79effb9dd657ab66627132c",
        "version" : "0.1.7"
      }
    }
  ],
  "version" : 3
}
