{
  "originHash" : "97a5fb050789637eeaad5c3cc47c3be1193cc2386ec07685cc01dfc8b1cbd124",
  "pins" : [
    {
      "identity" : "corekit",
      "kind" : "remoteSourceControl",
      "location" : "git@github.com:chenyunguiMilook/CoreKit.git",
      "state" : {
        "revision" : "335a7573504c640f9293bda489a9266da9953102",
        "version" : "1.0.0"
      }
    }
  ],
  "version" : 3
}
