{
  "pins" : [
    {
      "identity" : "commonkit",
      "kind" : "remoteSourceControl",
      "location" : "git@github.com:chenyunguiMilook/CommonKit.git",
      "state" : {
        "revision" : "a74b39de2854de12ea9412b2428e76830c19bc9e",
        "version" : "0.2.40"
      }
    }
  ],
  "version" : 2
}
